
Microsoft Visual Studio Solution File, Format Version 12.00
# Visual Studio Version 17
VisualStudioVersion = 17.6.33829.357
MinimumVisualStudioVersion = 10.0.40219.1
Project("{8BC9CEB8-8B4A-11D0-8D11-00A0C91BC942}") = "tef", "tef\tef.vcxproj", "{A58D4610-02F7-4BD6-8EDE-4311D68972F0}"
EndProject
Project("{8BC9CEB8-8B4A-11D0-8D11-00A0C91BC942}") = "demo_circles", "demo_circles\demo_circles.vcxproj", "{606E78CD-8C32-465C-9CD8-725F8EA602F2}"
EndProject
Project("{8BC9CEB8-8B4A-11D0-8D11-00A0C91BC942}") = "demo_boids", "demo_boids\demo_boids.vcxproj", "{691E2134-43D3-446B-B286-318D1FE6A736}"
EndProject
Project("{8BC9CEB8-8B4A-11D0-8D11-00A0C91BC942}") = "tests", "tests\tests.vcxproj", "{EEECFDE6-0C45-41C0-B364-F55AC431C722}"
EndProject
Global
	GlobalSection(SolutionConfigurationPlatforms) = preSolution
		Debug|x64 = Debug|x64
		Release|x64 = Release|x64
	EndGlobalSection
	GlobalSection(ProjectConfigurationPlatforms) = postSolution
		{A58D4610-02F7-4BD6-8EDE-4311D68972F0}.Debug|x64.ActiveCfg = Debug|x64
		{A58D4610-02F7-4BD6-8EDE-4311D68972F0}.Debug|x64.Build.0 = Debug|x64
		{A58D4610-02F7-4BD6-8EDE-4311D68972F0}.Release|x64.ActiveCfg = Release|x64
		{A58D4610-02F7-4BD6-8EDE-4311D68972F0}.Release|x64.Build.0 = Release|x64
		{606E78CD-8C32-465C-9CD8-725F8EA602F2}.Debug|x64.ActiveCfg = Debug|x64
		{606E78CD-8C32-465C-9CD8-725F8EA602F2}.Debug|x64.Build.0 = Debug|x64
		{606E78CD-8C32-465C-9CD8-725F8EA602F2}.Release|x64.ActiveCfg = Release|x64
		{606E78CD-8C32-465C-9CD8-725F8EA602F2}.Release|x64.Build.0 = Release|x64
		{691E2134-43D3-446B-B286-318D1FE6A736}.Debug|x64.ActiveCfg = Debug|x64
		{691E2134-43D3-446B-B286-318D1FE6A736}.Debug|x64.Build.0 = Debug|x64
		{691E2134-43D3-446B-B286-318D1FE6A736}.Release|x64.ActiveCfg = Release|x64
		{691E2134-43D3-446B-B286-318D1FE6A736}.Release|x64.Build.0 = Release|x64
		{EEECFDE6-0C45-41C0-B364-F55AC431C722}.Debug|x64.ActiveCfg = Debug|x64
		{EEECFDE6-0C45-41C0-B364-F55AC431C722}.Debug|x64.Build.0 = Debug|x64
		{EEECFDE6-0C45-41C0-B364-F55AC431C722}.Release|x64.ActiveCfg = Release|x64
		{EEECFDE6-0C45-41C0-B364-F55AC431C722}.Release|x64.Build.0 = Release|x64
	EndGlobalSection
	GlobalSection(SolutionProperties) = preSolution
		HideSolutionNode = FALSE
	EndGlobalSection
	GlobalSection(ExtensibilityGlobals) = postSolution
		SolutionGuid = {770158BB-1DD9-4D1F-9C38-87BBB178FE51}
	EndGlobalSection
EndGlobal
