<?xml version="1.0" encoding="utf-8"?>
<Project ToolsVersion="4.0" xmlns="http://schemas.microsoft.com/developer/msbuild/2003">
  <ItemGroup>
    <Filter Include="Source Files">
      <UniqueIdentifier>{4FC737F1-C7A5-4376-A066-2A32D752A2FF}</UniqueIdentifier>
      <Extensions>cpp;c;cc;cxx;c++;cppm;ixx;def;odl;idl;hpj;bat;asm;asmx</Extensions>
    </Filter>
    <Filter Include="Header Files">
      <UniqueIdentifier>{93995380-89BD-4b04-88EB-625FBE52EBFB}</UniqueIdentifier>
      <Extensions>h;hh;hpp;hxx;h++;hm;inl;inc;ipp;xsd</Extensions>
    </Filter>
    <Filter Include="Resource Files">
      <UniqueIdentifier>{67DA6AB6-F800-4c08-8B7A-83BB121AAD01}</UniqueIdentifier>
      <Extensions>rc;ico;cur;bmp;dlg;rc2;rct;bin;rgs;gif;jpg;jpeg;jpe;resx;tiff;tif;png;wav;mfcribbon-ms</Extensions>
    </Filter>
  </ItemGroup>
  <ItemGroup>
    <ClCompile Include="src\main.cpp">
      <Filter>Source Files</Filter>
    </ClCompile>
    <ClCompile Include="src\group_math.h">
      <Filter>Source Files</Filter>
    </ClCompile>
    <ClCompile Include="src\group_math.cpp">
      <Filter>Source Files</Filter>
    </ClCompile>
    <ClCompile Include="include\tef\ecs\event.cpp">
      <Filter>Source Files</Filter>
    </ClCompile>
    <ClCompile Include="include\tef\ecs\log.cpp">
      <Filter>Source Files</Filter>
    </ClCompile>
    <ClCompile Include="include\tef\ecs\system.cpp">
      <Filter>Source Files</Filter>
    </ClCompile>
    <ClCompile Include="include\tef\ecs\world.cpp">
      <Filter>Source Files</Filter>
    </ClCompile>
    <ClCompile Include="include\tef\math\prng.cpp">
      <Filter>Source Files</Filter>
    </ClCompile>
    <ClCompile Include="include\tef\math\quaternion.cpp">
      <Filter>Source Files</Filter>
    </ClCompile>
    <ClCompile Include="include\tef\math\ray.cpp">
      <Filter>Source Files</Filter>
    </ClCompile>
    <ClCompile Include="include\tef\math\transform.cpp">
      <Filter>Source Files</Filter>
    </ClCompile>
    <ClCompile Include="include\tef\misc\utils.cpp">
      <Filter>Source Files</Filter>
    </ClCompile>
    <ClCompile Include="include\tef\misc\worker.cpp">
      <Filter>Source Files</Filter>
    </ClCompile>
    <ClCompile Include="include\tef\str\utils.cpp">
      <Filter>Source Files</Filter>
    </ClCompile>
  </ItemGroup>
  <ItemGroup>
    <ClInclude Include="src\test.h">
      <Filter>Header Files</Filter>
    </ClInclude>
    <ClInclude Include="include\tef\ecs\event.h">
      <Filter>Header Files</Filter>
    </ClInclude>
    <ClInclude Include="include\tef\ecs\log.h">
      <Filter>Header Files</Filter>
    </ClInclude>
    <ClInclude Include="include\tef\ecs\system.h">
      <Filter>Header Files</Filter>
    </ClInclude>
    <ClInclude Include="include\tef\ecs\world.h">
      <Filter>Header Files</Filter>
    </ClInclude>
    <ClInclude Include="include\tef\math\bounds2.h">
      <Filter>Header Files</Filter>
    </ClInclude>
    <ClInclude Include="include\tef\math\bounds3.h">
      <Filter>Header Files</Filter>
    </ClInclude>
    <ClInclude Include="include\tef\math\matrix.h">
      <Filter>Header Files</Filter>
    </ClInclude>
    <ClInclude Include="include\tef\math\prng.h">
      <Filter>Header Files</Filter>
    </ClInclude>
    <ClInclude Include="include\tef\math\quaternion.h">
      <Filter>Header Files</Filter>
    </ClInclude>
    <ClInclude Include="include\tef\math\ray.h">
      <Filter>Header Files</Filter>
    </ClInclude>
    <ClInclude Include="include\tef\math\transform.h">
      <Filter>Header Files</Filter>
    </ClInclude>
    <ClInclude Include="include\tef\math\utils.h">
      <Filter>Header Files</Filter>
    </ClInclude>
    <ClInclude Include="include\tef\math\vec2.h">
      <Filter>Header Files</Filter>
    </ClInclude>
    <ClInclude Include="include\tef\math\vec3.h">
      <Filter>Header Files</Filter>
    </ClInclude>
    <ClInclude Include="include\tef\math\vec4.h">
      <Filter>Header Files</Filter>
    </ClInclude>
    <ClInclude Include="include\tef\misc\fixed_vector.h">
      <Filter>Header Files</Filter>
    </ClInclude>
    <ClInclude Include="include\tef\misc\utils.h">
      <Filter>Header Files</Filter>
    </ClInclude>
    <ClInclude Include="include\tef\misc\worker.h">
      <Filter>Header Files</Filter>
    </ClInclude>
    <ClInclude Include="include\tef\spatial\grid_2d.h">
      <Filter>Header Files</Filter>
    </ClInclude>
    <ClInclude Include="include\tef\spatial\hash_grid_2d.h">
      <Filter>Header Files</Filter>
    </ClInclude>
    <ClInclude Include="include\tef\spatial\octree.h">
      <Filter>Header Files</Filter>
    </ClInclude>
    <ClInclude Include="include\tef\spatial\quadtree.h">
      <Filter>Header Files</Filter>
    </ClInclude>
    <ClInclude Include="include\tef\str\utils.h">
      <Filter>Header Files</Filter>
    </ClInclude>
    <ClInclude Include="include\tef\ecs.h">
      <Filter>Header Files</Filter>
    </ClInclude>
    <ClInclude Include="include\tef\math.h">
      <Filter>Header Files</Filter>
    </ClInclude>
    <ClInclude Include="include\tef\misc.h">
      <Filter>Header Files</Filter>
    </ClInclude>
    <ClInclude Include="include\tef\spatial.h">
      <Filter>Header Files</Filter>
    </ClInclude>
    <ClInclude Include="include\tef\str.h">
      <Filter>Header Files</Filter>
    </ClInclude>
  </ItemGroup>
</Project>