<?xml version="1.0" encoding="utf-8"?>
<Project ToolsVersion="4.0" xmlns="http://schemas.microsoft.com/developer/msbuild/2003">
  <ItemGroup>
    <Filter Include="Source Files">
      <UniqueIdentifier>{4FC737F1-C7A5-4376-A066-2A32D752A2FF}</UniqueIdentifier>
      <Extensions>cpp;c;cc;cxx;c++;cppm;ixx;def;odl;idl;hpj;bat;asm;asmx</Extensions>
    </Filter>
    <Filter Include="Header Files">
      <UniqueIdentifier>{93995380-89BD-4b04-88EB-625FBE52EBFB}</UniqueIdentifier>
      <Extensions>h;hh;hpp;hxx;h++;hm;inl;inc;ipp;xsd</Extensions>
    </Filter>
    <Filter Include="Resource Files">
      <UniqueIdentifier>{67DA6AB6-F800-4c08-8B7A-83BB121AAD01}</UniqueIdentifier>
      <Extensions>rc;ico;cur;bmp;dlg;rc2;rct;bin;rgs;gif;jpg;jpeg;jpe;resx;tiff;tif;png;wav;mfcribbon-ms</Extensions>
    </Filter>
  </ItemGroup>
  <ItemGroup>
    <ClCompile Include="src\internal_misc\utils.cpp">
      <Filter>Source Files</Filter>
    </ClCompile>
    <ClCompile Include="src\internal_ecs\log.cpp">
      <Filter>Source Files</Filter>
    </ClCompile>
    <ClCompile Include="src\internal_math\quaternion.cpp">
      <Filter>Source Files</Filter>
    </ClCompile>
    <ClCompile Include="src\internal_math\ray.cpp">
      <Filter>Source Files</Filter>
    </ClCompile>
    <ClCompile Include="src\internal_str\utils.cpp">
      <Filter>Source Files</Filter>
    </ClCompile>
    <ClCompile Include="src\internal_math\prng.cpp">
      <Filter>Source Files</Filter>
    </ClCompile>
    <ClCompile Include="src\internal_math\transform.cpp">
      <Filter>Source Files</Filter>
    </ClCompile>
    <ClCompile Include="src\internal_misc\worker.cpp">
      <Filter>Source Files</Filter>
    </ClCompile>
    <ClCompile Include="src\internal_ecs\event.cpp">
      <Filter>Source Files</Filter>
    </ClCompile>
    <ClCompile Include="src\internal_ecs\system.cpp">
      <Filter>Source Files</Filter>
    </ClCompile>
    <ClCompile Include="src\internal_ecs\world.cpp">
      <Filter>Source Files</Filter>
    </ClCompile>
    <ClCompile Include="src\internal_math\circle.cpp">
      <Filter>Source Files</Filter>
    </ClCompile>
    <ClCompile Include="src\internal_math\sphere.cpp">
      <Filter>Source Files</Filter>
    </ClCompile>
  </ItemGroup>
  <ItemGroup>
    <ClInclude Include="src\internal_misc\utils.h">
      <Filter>Header Files</Filter>
    </ClInclude>
    <ClInclude Include="src\internal_ecs\log.h">
      <Filter>Header Files</Filter>
    </ClInclude>
    <ClInclude Include="src\internal_math\bounds2.h">
      <Filter>Header Files</Filter>
    </ClInclude>
    <ClInclude Include="src\internal_math\bounds3.h">
      <Filter>Header Files</Filter>
    </ClInclude>
    <ClInclude Include="src\internal_math\matrix.h">
      <Filter>Header Files</Filter>
    </ClInclude>
    <ClInclude Include="src\internal_math\quaternion.h">
      <Filter>Header Files</Filter>
    </ClInclude>
    <ClInclude Include="src\internal_math\ray.h">
      <Filter>Header Files</Filter>
    </ClInclude>
    <ClInclude Include="src\internal_math\transform.h">
      <Filter>Header Files</Filter>
    </ClInclude>
    <ClInclude Include="src\internal_math\utils.h">
      <Filter>Header Files</Filter>
    </ClInclude>
    <ClInclude Include="src\internal_math\vec2.h">
      <Filter>Header Files</Filter>
    </ClInclude>
    <ClInclude Include="src\internal_math\vec3.h">
      <Filter>Header Files</Filter>
    </ClInclude>
    <ClInclude Include="src\internal_math\vec4.h">
      <Filter>Header Files</Filter>
    </ClInclude>
    <ClInclude Include="src\internal_str\utils.h">
      <Filter>Header Files</Filter>
    </ClInclude>
    <ClInclude Include="src\internal_math\prng.h">
      <Filter>Header Files</Filter>
    </ClInclude>
    <ClInclude Include="src\internal_spatial\quadtree.h">
      <Filter>Header Files</Filter>
    </ClInclude>
    <ClInclude Include="src\internal_misc\worker.h">
      <Filter>Header Files</Filter>
    </ClInclude>
    <ClInclude Include="src\internal_ecs\event.h">
      <Filter>Header Files</Filter>
    </ClInclude>
    <ClInclude Include="src\internal_ecs\system.h">
      <Filter>Header Files</Filter>
    </ClInclude>
    <ClInclude Include="src\internal_ecs\world.h">
      <Filter>Header Files</Filter>
    </ClInclude>
    <ClInclude Include="src\internal_spatial\grid_2d.h">
      <Filter>Header Files</Filter>
    </ClInclude>
    <ClInclude Include="src\internal_spatial\hash_grid_2d.h">
      <Filter>Header Files</Filter>
    </ClInclude>
    <ClInclude Include="src\internal_spatial\octree.h">
      <Filter>Header Files</Filter>
    </ClInclude>
    <ClInclude Include="src\internal_misc\fixed_vector.h">
      <Filter>Header Files</Filter>
    </ClInclude>
    <ClInclude Include="src\gsx.h">
      <Filter>Header Files</Filter>
    </ClInclude>
    <ClInclude Include="src\internal_ecs\all.h">
      <Filter>Header Files</Filter>
    </ClInclude>
    <ClInclude Include="src\internal_math\all.h">
      <Filter>Header Files</Filter>
    </ClInclude>
    <ClInclude Include="src\internal_misc\all.h">
      <Filter>Header Files</Filter>
    </ClInclude>
    <ClInclude Include="src\internal_spatial\all.h">
      <Filter>Header Files</Filter>
    </ClInclude>
    <ClInclude Include="src\internal_str\all.h">
      <Filter>Header Files</Filter>
    </ClInclude>
    <ClInclude Include="src\internal_common\types.h">
      <Filter>Header Files</Filter>
    </ClInclude>
    <ClInclude Include="src\internal_common\macros.h">
      <Filter>Header Files</Filter>
    </ClInclude>
    <ClInclude Include="src\internal_common\all.h">
      <Filter>Header Files</Filter>
    </ClInclude>
    <ClInclude Include="src\internal_spatial\base_container.h">
      <Filter>Header Files</Filter>
    </ClInclude>
    <ClInclude Include="src\internal_spatial\linear_2d.h">
      <Filter>Header Files</Filter>
    </ClInclude>
    <ClInclude Include="src\internal_spatial\linear_3d.h">
      <Filter>Header Files</Filter>
    </ClInclude>
    <ClInclude Include="src\internal_math\circle.h">
      <Filter>Header Files</Filter>
    </ClInclude>
    <ClInclude Include="src\internal_math\sphere.h">
      <Filter>Header Files</Filter>
    </ClInclude>
    <ClInclude Include="src\internal_spatial\grid_3d.h">
      <Filter>Header Files</Filter>
    </ClInclude>
    <ClInclude Include="src\internal_spatial\hash_grid_3d.h">
      <Filter>Header Files</Filter>
    </ClInclude>
  </ItemGroup>
</Project>